<?xml version="1.0" encoding="us-ascii"?>
<ioc xmlns:xsi="http://www.w3.org/2001/XMLSchema-instance" xmlns:xsd="http://www.w3.org/2001/XMLSchema" id="13810e5f-0cc7-4726-a012-41bc08470be0" last-modified="2016-09-27T21:01:06" xmlns="http://schemas.mandiant.com/2010/ioc">
  <short_description>Sticky Key Backdoor </short_description>
  <description>Attackers may gain malware-free persistence or escalate from local admin to system level privileges by modifying the registry and setting 'cmd.exe' as a Debugger for tools like sethc.exe (Sticky Keys), osk.exe (On-screen keyboard), or utilman.exe (Ease of Access). The attacker can then RDP into that machine and press the hotkey combination to get a command prompt running System-level privileges without requiring a legitimate username to the machine.</description>
  <authored_by>Jason Iacono</authored_by>
  <authored_date>2016-09-27T17:21:30</authored_date>
  <links>
    <link rel="category">Backdoor</link>
    <link rel="comment">Public Release</link>
  </links>
  <definition>
    <Indicator operator="OR" id="26e662ef-613a-4999-85bc-fdd76e5ed51d">
      <IndicatorItem id="b8366f6f-d9a4-4136-9f61-e9b588bdb5d4" condition="is">
        <Context document="RegistryItem" search="RegistryItem/Path" type="mir" />
        <Content type="string">HKEY_LOCAL_MACHINE\SOFTWARE\Microsoft\Windows NT\CurrentVersion\Image File Execution Options\sethc.exe</Content>
      </IndicatorItem>
      <IndicatorItem id="d63a2367-6d60-41ad-b0fb-2b6464c2983a" condition="is">
        <Context document="RegistryItem" search="RegistryItem/Path" type="mir" />
        <Content type="string">HKEY_LOCAL_MACHINE\SOFTWARE\Microsoft\Windows NT\CurrentVersion\Image File Execution Options\utilman.exe</Content>
      </IndicatorItem>
      <IndicatorItem id="0b661a50-0d46-46a2-8196-d2dafe087df7" condition="is">
        <Context document="RegistryItem" search="RegistryItem/Path" type="mir" />
        <Content type="string">HKEY_LOCAL_MACHINE\SOFTWARE\Microsoft\Windows NT\CurrentVersion\Image File Execution Options\osk.exe</Content>
      </IndicatorItem>
      <Indicator operator="AND" id="fcd3c312-ba1c-4e0d-ac2d-ee1dde155377">
        <IndicatorItem id="812a9578-c69f-4712-bdbf-0b81db94171e" condition="contains">
          <Context document="RegistryItem" search="RegistryItem/ValueName" type="mir" />
          <Content type="string">debugger</Content>
        </IndicatorItem>
        <IndicatorItem id="d0619c78-bcf0-4c45-a0c7-fbb39ca439ed" condition="contains">
          <Context document="RegistryItem" search="RegistryItem/Text" type="mir" />
          <Content type="string">cmd.exe</Content>
        </IndicatorItem>
      </Indicator>
    </Indicator>
  </definition>
</ioc>